
Microsoft Visual Studio Solution File, Format Version 12.00
# Visual Studio Version 16
VisualStudioVersion = 16.0.31911.196
MinimumVisualStudioVersion = 10.0.40219.1
Project("{FAE04EC0-301F-11D3-BF4B-00C04F79EFBC}") = "clubber-BlogPortal", "clubber-BlogPortal\clubber-BlogPortal.csproj", "{6D15E499-D5DD-4A5A-81B8-9E64D58B7BDF}"
EndProject
Project("{2150E333-8FDC-42A3-9474-1A3956D46DE8}") = "Solution Items", "Solution Items", "{2F36DAC6-3B62-4C0B-B5C5-22EE08201698}"
	ProjectSection(SolutionItems) = preProject
		.filenesting.json = .filenesting.json
	EndProjectSection
EndProject
Global
	GlobalSection(SolutionConfigurationPlatforms) = preSolution
		Debug|Any CPU = Debug|Any CPU
		Release|Any CPU = Release|Any CPU
	EndGlobalSection
	GlobalSection(ProjectConfigurationPlatforms) = postSolution
		{6D15E499-D5DD-4A5A-81B8-9E64D58B7BDF}.Debug|Any CPU.ActiveCfg = Debug|Any CPU
		{6D15E499-D5DD-4A5A-81B8-9E64D58B7BDF}.Debug|Any CPU.Build.0 = Debug|Any CPU
		{6D15E499-D5DD-4A5A-81B8-9E64D58B7BDF}.Release|Any CPU.ActiveCfg = Release|Any CPU
		{6D15E499-D5DD-4A5A-81B8-9E64D58B7BDF}.Release|Any CPU.Build.0 = Release|Any CPU
	EndGlobalSection
	GlobalSection(SolutionProperties) = preSolution
		HideSolutionNode = FALSE
	EndGlobalSection
	GlobalSection(ExtensibilityGlobals) = postSolution
		SolutionGuid = {5DBAFDB3-9B6B-40F7-868F-81600BBFAC0D}
	EndGlobalSection
EndGlobal
